
Microsoft Visual Studio Solution File, Format Version 12.00
# Visual Studio Version 16
VisualStudioVersion = 16.0.29709.97
MinimumVisualStudioVersion = 10.0.40219.1
Project("{9A19103F-16F7-4668-BE54-9A1E7A4F7556}") = "Publisher", "TestSimple\Publisher\Publisher.csproj", "{3F5D8295-85A5-4999-92EC-771210B0B18D}"
EndProject
Project("{9A19103F-16F7-4668-BE54-9A1E7A4F7556}") = "Consumer", "TestSimple\Consumer\Consumer.csproj", "{A2D53527-9FB4-4B89-A21E-869B8B15CDE3}"
EndProject
Project("{2150E333-8FDC-42A3-9474-1A3956D46DE8}") = "1 - TestSimple", "1 - TestSimple", "{5EAEF6FC-4A7E-4E77-9DA6-F6BF4FFFDA61}"
EndProject
Project("{2150E333-8FDC-42A3-9474-1A3956D46DE8}") = "2 - TestExchangeFanout", "2 - TestExchangeFanout", "{5C29E5CA-FAC4-4EED-8B63-004AFDA1A2F3}"
	ProjectSection(SolutionItems) = preProject
		Fanout.txt = Fanout.txt
	EndProjectSection
EndProject
Project("{9A19103F-16F7-4668-BE54-9A1E7A4F7556}") = "EmitLogFanout", "TestExchangeFanout\EmitLogFanout\EmitLogFanout.csproj", "{AFE9B4DD-16F3-40A3-A1D2-52693D356866}"
EndProject
Project("{9A19103F-16F7-4668-BE54-9A1E7A4F7556}") = "ReceiveLogsFanout", "TestExchangeFanout\ReceiveLogsFanout\ReceiveLogsFanout.csproj", "{70F875CC-F16D-425E-82D1-C5FF2A7B446D}"
EndProject
Project("{2150E333-8FDC-42A3-9474-1A3956D46DE8}") = "3 - TestExchandeDirect", "3 - TestExchandeDirect", "{8829B19A-69EC-4B50-9B2C-CBA3EAC7417A}"
	ProjectSection(SolutionItems) = preProject
		Direct.txt = Direct.txt
	EndProjectSection
EndProject
Project("{9A19103F-16F7-4668-BE54-9A1E7A4F7556}") = "EmitLogDirect", "TestExchangeDirect\EmitLogDirect\EmitLogDirect.csproj", "{3F072310-30D2-4DA7-941D-055E422A1789}"
EndProject
Project("{9A19103F-16F7-4668-BE54-9A1E7A4F7556}") = "ReceiveLogsDirect", "TestExchangeDirect\ReceiveLogsDirect\ReceiveLogsDirect.csproj", "{61713DC4-2260-4A77-AABF-09ACDABBE1E1}"
EndProject
Project("{2150E333-8FDC-42A3-9474-1A3956D46DE8}") = "4 - TestExchangeTopic", "4 - TestExchangeTopic", "{403C7141-B341-49CE-B0F5-15AD6C1FE1B1}"
	ProjectSection(SolutionItems) = preProject
		Topic.txt = Topic.txt
	EndProjectSection
EndProject
Project("{9A19103F-16F7-4668-BE54-9A1E7A4F7556}") = "EmitLogTopic", "TestExchangeTopic\EmitLogTopic\EmitLogTopic.csproj", "{A7148B9E-C009-48AD-A053-E5A483630509}"
EndProject
Project("{9A19103F-16F7-4668-BE54-9A1E7A4F7556}") = "ReceiveLogsTopic", "TestExchangeTopic\ReceiveLogsTopic\ReceiveLogsTopic.csproj", "{42E4204B-49F7-48CE-9755-FBAA3925FBFF}"
EndProject
Project("{2150E333-8FDC-42A3-9474-1A3956D46DE8}") = "5 - TestRPC", "5 - TestRPC", "{EF915724-F8B0-4B1E-AEB2-119451C751A2}"
	ProjectSection(SolutionItems) = preProject
		RPC.md = RPC.md
	EndProjectSection
EndProject
Project("{9A19103F-16F7-4668-BE54-9A1E7A4F7556}") = "RPCServer", "TestRPC\RPCServer\RPCServer.csproj", "{62C64689-F1A0-44C9-9756-A247E4799C74}"
EndProject
Project("{9A19103F-16F7-4668-BE54-9A1E7A4F7556}") = "RPCClient", "TestRPC\RPCClient\RPCClient.csproj", "{740AD759-11C4-4F27-91F6-046C5C72E492}"
EndProject
Project("{9A19103F-16F7-4668-BE54-9A1E7A4F7556}") = "TestPublisherConfirms", "TestPublisherConfirms\TestPublisherConfirms\TestPublisherConfirms.csproj", "{49353D27-3A97-494E-9E28-CB17727005BF}"
EndProject
Project("{2150E333-8FDC-42A3-9474-1A3956D46DE8}") = "6 - TestPublisherConfirms", "6 - TestPublisherConfirms", "{E9749604-6EF9-4E91-A173-3C56B92ABAFA}"
EndProject
Global
	GlobalSection(SolutionConfigurationPlatforms) = preSolution
		Debug|Any CPU = Debug|Any CPU
		Release|Any CPU = Release|Any CPU
	EndGlobalSection
	GlobalSection(ProjectConfigurationPlatforms) = postSolution
		{3F5D8295-85A5-4999-92EC-771210B0B18D}.Debug|Any CPU.ActiveCfg = Debug|Any CPU
		{3F5D8295-85A5-4999-92EC-771210B0B18D}.Debug|Any CPU.Build.0 = Debug|Any CPU
		{3F5D8295-85A5-4999-92EC-771210B0B18D}.Release|Any CPU.ActiveCfg = Release|Any CPU
		{3F5D8295-85A5-4999-92EC-771210B0B18D}.Release|Any CPU.Build.0 = Release|Any CPU
		{A2D53527-9FB4-4B89-A21E-869B8B15CDE3}.Debug|Any CPU.ActiveCfg = Debug|Any CPU
		{A2D53527-9FB4-4B89-A21E-869B8B15CDE3}.Debug|Any CPU.Build.0 = Debug|Any CPU
		{A2D53527-9FB4-4B89-A21E-869B8B15CDE3}.Release|Any CPU.ActiveCfg = Release|Any CPU
		{A2D53527-9FB4-4B89-A21E-869B8B15CDE3}.Release|Any CPU.Build.0 = Release|Any CPU
		{AFE9B4DD-16F3-40A3-A1D2-52693D356866}.Debug|Any CPU.ActiveCfg = Debug|Any CPU
		{AFE9B4DD-16F3-40A3-A1D2-52693D356866}.Debug|Any CPU.Build.0 = Debug|Any CPU
		{AFE9B4DD-16F3-40A3-A1D2-52693D356866}.Release|Any CPU.ActiveCfg = Release|Any CPU
		{AFE9B4DD-16F3-40A3-A1D2-52693D356866}.Release|Any CPU.Build.0 = Release|Any CPU
		{70F875CC-F16D-425E-82D1-C5FF2A7B446D}.Debug|Any CPU.ActiveCfg = Debug|Any CPU
		{70F875CC-F16D-425E-82D1-C5FF2A7B446D}.Debug|Any CPU.Build.0 = Debug|Any CPU
		{70F875CC-F16D-425E-82D1-C5FF2A7B446D}.Release|Any CPU.ActiveCfg = Release|Any CPU
		{70F875CC-F16D-425E-82D1-C5FF2A7B446D}.Release|Any CPU.Build.0 = Release|Any CPU
		{3F072310-30D2-4DA7-941D-055E422A1789}.Debug|Any CPU.ActiveCfg = Debug|Any CPU
		{3F072310-30D2-4DA7-941D-055E422A1789}.Debug|Any CPU.Build.0 = Debug|Any CPU
		{3F072310-30D2-4DA7-941D-055E422A1789}.Release|Any CPU.ActiveCfg = Release|Any CPU
		{3F072310-30D2-4DA7-941D-055E422A1789}.Release|Any CPU.Build.0 = Release|Any CPU
		{61713DC4-2260-4A77-AABF-09ACDABBE1E1}.Debug|Any CPU.ActiveCfg = Debug|Any CPU
		{61713DC4-2260-4A77-AABF-09ACDABBE1E1}.Debug|Any CPU.Build.0 = Debug|Any CPU
		{61713DC4-2260-4A77-AABF-09ACDABBE1E1}.Release|Any CPU.ActiveCfg = Release|Any CPU
		{61713DC4-2260-4A77-AABF-09ACDABBE1E1}.Release|Any CPU.Build.0 = Release|Any CPU
		{A7148B9E-C009-48AD-A053-E5A483630509}.Debug|Any CPU.ActiveCfg = Debug|Any CPU
		{A7148B9E-C009-48AD-A053-E5A483630509}.Debug|Any CPU.Build.0 = Debug|Any CPU
		{A7148B9E-C009-48AD-A053-E5A483630509}.Release|Any CPU.ActiveCfg = Release|Any CPU
		{A7148B9E-C009-48AD-A053-E5A483630509}.Release|Any CPU.Build.0 = Release|Any CPU
		{42E4204B-49F7-48CE-9755-FBAA3925FBFF}.Debug|Any CPU.ActiveCfg = Debug|Any CPU
		{42E4204B-49F7-48CE-9755-FBAA3925FBFF}.Debug|Any CPU.Build.0 = Debug|Any CPU
		{42E4204B-49F7-48CE-9755-FBAA3925FBFF}.Release|Any CPU.ActiveCfg = Release|Any CPU
		{42E4204B-49F7-48CE-9755-FBAA3925FBFF}.Release|Any CPU.Build.0 = Release|Any CPU
		{62C64689-F1A0-44C9-9756-A247E4799C74}.Debug|Any CPU.ActiveCfg = Debug|Any CPU
		{62C64689-F1A0-44C9-9756-A247E4799C74}.Debug|Any CPU.Build.0 = Debug|Any CPU
		{62C64689-F1A0-44C9-9756-A247E4799C74}.Release|Any CPU.ActiveCfg = Release|Any CPU
		{62C64689-F1A0-44C9-9756-A247E4799C74}.Release|Any CPU.Build.0 = Release|Any CPU
		{740AD759-11C4-4F27-91F6-046C5C72E492}.Debug|Any CPU.ActiveCfg = Debug|Any CPU
		{740AD759-11C4-4F27-91F6-046C5C72E492}.Debug|Any CPU.Build.0 = Debug|Any CPU
		{740AD759-11C4-4F27-91F6-046C5C72E492}.Release|Any CPU.ActiveCfg = Release|Any CPU
		{740AD759-11C4-4F27-91F6-046C5C72E492}.Release|Any CPU.Build.0 = Release|Any CPU
		{49353D27-3A97-494E-9E28-CB17727005BF}.Debug|Any CPU.ActiveCfg = Debug|Any CPU
		{49353D27-3A97-494E-9E28-CB17727005BF}.Debug|Any CPU.Build.0 = Debug|Any CPU
		{49353D27-3A97-494E-9E28-CB17727005BF}.Release|Any CPU.ActiveCfg = Release|Any CPU
		{49353D27-3A97-494E-9E28-CB17727005BF}.Release|Any CPU.Build.0 = Release|Any CPU
	EndGlobalSection
	GlobalSection(SolutionProperties) = preSolution
		HideSolutionNode = FALSE
	EndGlobalSection
	GlobalSection(NestedProjects) = preSolution
		{3F5D8295-85A5-4999-92EC-771210B0B18D} = {5EAEF6FC-4A7E-4E77-9DA6-F6BF4FFFDA61}
		{A2D53527-9FB4-4B89-A21E-869B8B15CDE3} = {5EAEF6FC-4A7E-4E77-9DA6-F6BF4FFFDA61}
		{AFE9B4DD-16F3-40A3-A1D2-52693D356866} = {5C29E5CA-FAC4-4EED-8B63-004AFDA1A2F3}
		{70F875CC-F16D-425E-82D1-C5FF2A7B446D} = {5C29E5CA-FAC4-4EED-8B63-004AFDA1A2F3}
		{3F072310-30D2-4DA7-941D-055E422A1789} = {8829B19A-69EC-4B50-9B2C-CBA3EAC7417A}
		{61713DC4-2260-4A77-AABF-09ACDABBE1E1} = {8829B19A-69EC-4B50-9B2C-CBA3EAC7417A}
		{A7148B9E-C009-48AD-A053-E5A483630509} = {403C7141-B341-49CE-B0F5-15AD6C1FE1B1}
		{42E4204B-49F7-48CE-9755-FBAA3925FBFF} = {403C7141-B341-49CE-B0F5-15AD6C1FE1B1}
		{62C64689-F1A0-44C9-9756-A247E4799C74} = {EF915724-F8B0-4B1E-AEB2-119451C751A2}
		{740AD759-11C4-4F27-91F6-046C5C72E492} = {EF915724-F8B0-4B1E-AEB2-119451C751A2}
		{49353D27-3A97-494E-9E28-CB17727005BF} = {E9749604-6EF9-4E91-A173-3C56B92ABAFA}
	EndGlobalSection
	GlobalSection(ExtensibilityGlobals) = postSolution
		SolutionGuid = {BE62294F-0107-4506-9E04-44A2A0AC24B6}
	EndGlobalSection
EndGlobal
