
Microsoft Visual Studio Solution File, Format Version 12.00
# Visual Studio Version 16
VisualStudioVersion = 16.0.29709.97
MinimumVisualStudioVersion = 10.0.40219.1
Project("{FAE04EC0-301F-11D3-BF4B-00C04F79EFBC}") = "Publisher", "Publisher\Publisher.csproj", "{94F9E2CA-6B74-4558-87F5-5ED1D31E2AE6}"
EndProject
Project("{FAE04EC0-301F-11D3-BF4B-00C04F79EFBC}") = "Consumer", "Consumer\Consumer.csproj", "{133A1DE2-8414-45CA-9573-0E168D2E478E}"
EndProject
Global
	GlobalSection(SolutionConfigurationPlatforms) = preSolution
		Debug|Any CPU = Debug|Any CPU
		Release|Any CPU = Release|Any CPU
	EndGlobalSection
	GlobalSection(ProjectConfigurationPlatforms) = postSolution
		{94F9E2CA-6B74-4558-87F5-5ED1D31E2AE6}.Debug|Any CPU.ActiveCfg = Debug|Any CPU
		{94F9E2CA-6B74-4558-87F5-5ED1D31E2AE6}.Debug|Any CPU.Build.0 = Debug|Any CPU
		{94F9E2CA-6B74-4558-87F5-5ED1D31E2AE6}.Release|Any CPU.ActiveCfg = Release|Any CPU
		{94F9E2CA-6B74-4558-87F5-5ED1D31E2AE6}.Release|Any CPU.Build.0 = Release|Any CPU
		{133A1DE2-8414-45CA-9573-0E168D2E478E}.Debug|Any CPU.ActiveCfg = Debug|Any CPU
		{133A1DE2-8414-45CA-9573-0E168D2E478E}.Debug|Any CPU.Build.0 = Debug|Any CPU
		{133A1DE2-8414-45CA-9573-0E168D2E478E}.Release|Any CPU.ActiveCfg = Release|Any CPU
		{133A1DE2-8414-45CA-9573-0E168D2E478E}.Release|Any CPU.Build.0 = Release|Any CPU
	EndGlobalSection
	GlobalSection(SolutionProperties) = preSolution
		HideSolutionNode = FALSE
	EndGlobalSection
	GlobalSection(ExtensibilityGlobals) = postSolution
		SolutionGuid = {BE62294F-0107-4506-9E04-44A2A0AC24B6}
	EndGlobalSection
EndGlobal
